
Microsoft Visual Studio Solution File, Format Version 12.00
# Visual Studio 15
VisualStudioVersion = 15.0.27130.2027
MinimumVisualStudioVersion = 10.0.40219.1
Project("{FAE04EC0-301F-11D3-BF4B-00C04F79EFBC}") = "Server", "Server\Server.csproj", "{D8BEEE74-57B2-4FAA-869C-E6E1CF08A955}"
EndProject
Project("{FAE04EC0-301F-11D3-BF4B-00C04F79EFBC}") = "Client", "Client\Client.csproj", "{1067FD88-0F36-4A8B-A094-D20604A260C7}"
EndProject
Global
	GlobalSection(SolutionConfigurationPlatforms) = preSolution
		Debug|Any CPU = Debug|Any CPU
		Release|Any CPU = Release|Any CPU
	EndGlobalSection
	GlobalSection(ProjectConfigurationPlatforms) = postSolution
		{D8BEEE74-57B2-4FAA-869C-E6E1CF08A955}.Debug|Any CPU.ActiveCfg = Debug|Any CPU
		{D8BEEE74-57B2-4FAA-869C-E6E1CF08A955}.Debug|Any CPU.Build.0 = Debug|Any CPU
		{D8BEEE74-57B2-4FAA-869C-E6E1CF08A955}.Release|Any CPU.ActiveCfg = Release|Any CPU
		{D8BEEE74-57B2-4FAA-869C-E6E1CF08A955}.Release|Any CPU.Build.0 = Release|Any CPU
		{1067FD88-0F36-4A8B-A094-D20604A260C7}.Debug|Any CPU.ActiveCfg = Debug|Any CPU
		{1067FD88-0F36-4A8B-A094-D20604A260C7}.Debug|Any CPU.Build.0 = Debug|Any CPU
		{1067FD88-0F36-4A8B-A094-D20604A260C7}.Release|Any CPU.ActiveCfg = Release|Any CPU
		{1067FD88-0F36-4A8B-A094-D20604A260C7}.Release|Any CPU.Build.0 = Release|Any CPU
	EndGlobalSection
	GlobalSection(SolutionProperties) = preSolution
		HideSolutionNode = FALSE
	EndGlobalSection
	GlobalSection(ExtensibilityGlobals) = postSolution
		SolutionGuid = {72662087-B04A-4C5E-9E69-3BE5B950E49E}
	EndGlobalSection
EndGlobal
